
Microsoft Visual Studio Solution File, Format Version 12.00
# Visual Studio Version 17
VisualStudioVersion = 17.0.31903.59
MinimumVisualStudioVersion = 10.0.40219.1
Project("{FAE04EC0-301F-11D3-BF4B-00C04F79EFBC}") = "Ingestion", "Ingestion\Ingestion.csproj", "{DAC29DD8-2AA3-4FF1-AAAA-96BCB74E97D7}"
EndProject
Project("{FAE04EC0-301F-11D3-BF4B-00C04F79EFBC}") = "RetrievalAugmentedGenerationApp", "RetrievalAugmentedGenerationApp\RetrievalAugmentedGenerationApp.csproj", "{0DF294BB-5686-4702-A221-6FDB3735E21B}"
EndProject
Project("{FAE04EC0-301F-11D3-BF4B-00C04F79EFBC}") = "Evaluation", "Evaluation\Evaluation.csproj", "{1E624018-9C09-4402-AF50-57E6D8EE4508}"
EndProject
Project("{2150E333-8FDC-42A3-9474-1A3956D46DE8}") = "data", "data", "{475E5D42-EC24-4B35-AC2D-36CF3E397A7B}"
	ProjectSection(SolutionItems) = preProject
		..\data\categories.json = ..\data\categories.json
		..\data\evalquestions.json = ..\data\evalquestions.json
		..\data\products.json = ..\data\products.json
	EndProjectSection
EndProject
Project("{2150E333-8FDC-42A3-9474-1A3956D46DE8}") = "product-manuals", "product-manuals", "{DEEB317E-8B9C-4025-9518-D25B08DB31C2}"
	ProjectSection(SolutionItems) = preProject
		..\data\product-manuals\1.pdf = ..\data\product-manuals\1.pdf
		..\data\product-manuals\10.pdf = ..\data\product-manuals\10.pdf
		..\data\product-manuals\100.pdf = ..\data\product-manuals\100.pdf
		..\data\product-manuals\101.pdf = ..\data\product-manuals\101.pdf
		..\data\product-manuals\102.pdf = ..\data\product-manuals\102.pdf
		..\data\product-manuals\103.pdf = ..\data\product-manuals\103.pdf
		..\data\product-manuals\104.pdf = ..\data\product-manuals\104.pdf
		..\data\product-manuals\105.pdf = ..\data\product-manuals\105.pdf
		..\data\product-manuals\106.pdf = ..\data\product-manuals\106.pdf
		..\data\product-manuals\107.pdf = ..\data\product-manuals\107.pdf
		..\data\product-manuals\108.pdf = ..\data\product-manuals\108.pdf
		..\data\product-manuals\109.pdf = ..\data\product-manuals\109.pdf
		..\data\product-manuals\11.pdf = ..\data\product-manuals\11.pdf
		..\data\product-manuals\110.pdf = ..\data\product-manuals\110.pdf
		..\data\product-manuals\111.pdf = ..\data\product-manuals\111.pdf
		..\data\product-manuals\112.pdf = ..\data\product-manuals\112.pdf
		..\data\product-manuals\113.pdf = ..\data\product-manuals\113.pdf
		..\data\product-manuals\114.pdf = ..\data\product-manuals\114.pdf
		..\data\product-manuals\115.pdf = ..\data\product-manuals\115.pdf
		..\data\product-manuals\116.pdf = ..\data\product-manuals\116.pdf
		..\data\product-manuals\117.pdf = ..\data\product-manuals\117.pdf
		..\data\product-manuals\118.pdf = ..\data\product-manuals\118.pdf
		..\data\product-manuals\119.pdf = ..\data\product-manuals\119.pdf
		..\data\product-manuals\12.pdf = ..\data\product-manuals\12.pdf
		..\data\product-manuals\120.pdf = ..\data\product-manuals\120.pdf
		..\data\product-manuals\121.pdf = ..\data\product-manuals\121.pdf
		..\data\product-manuals\122.pdf = ..\data\product-manuals\122.pdf
		..\data\product-manuals\123.pdf = ..\data\product-manuals\123.pdf
		..\data\product-manuals\124.pdf = ..\data\product-manuals\124.pdf
		..\data\product-manuals\125.pdf = ..\data\product-manuals\125.pdf
		..\data\product-manuals\126.pdf = ..\data\product-manuals\126.pdf
		..\data\product-manuals\127.pdf = ..\data\product-manuals\127.pdf
		..\data\product-manuals\128.pdf = ..\data\product-manuals\128.pdf
		..\data\product-manuals\129.pdf = ..\data\product-manuals\129.pdf
		..\data\product-manuals\13.pdf = ..\data\product-manuals\13.pdf
		..\data\product-manuals\130.pdf = ..\data\product-manuals\130.pdf
		..\data\product-manuals\131.pdf = ..\data\product-manuals\131.pdf
		..\data\product-manuals\132.pdf = ..\data\product-manuals\132.pdf
		..\data\product-manuals\133.pdf = ..\data\product-manuals\133.pdf
		..\data\product-manuals\134.pdf = ..\data\product-manuals\134.pdf
		..\data\product-manuals\135.pdf = ..\data\product-manuals\135.pdf
		..\data\product-manuals\136.pdf = ..\data\product-manuals\136.pdf
		..\data\product-manuals\137.pdf = ..\data\product-manuals\137.pdf
		..\data\product-manuals\138.pdf = ..\data\product-manuals\138.pdf
		..\data\product-manuals\139.pdf = ..\data\product-manuals\139.pdf
		..\data\product-manuals\14.pdf = ..\data\product-manuals\14.pdf
		..\data\product-manuals\140.pdf = ..\data\product-manuals\140.pdf
		..\data\product-manuals\141.pdf = ..\data\product-manuals\141.pdf
		..\data\product-manuals\142.pdf = ..\data\product-manuals\142.pdf
		..\data\product-manuals\143.pdf = ..\data\product-manuals\143.pdf
		..\data\product-manuals\144.pdf = ..\data\product-manuals\144.pdf
		..\data\product-manuals\145.pdf = ..\data\product-manuals\145.pdf
		..\data\product-manuals\146.pdf = ..\data\product-manuals\146.pdf
		..\data\product-manuals\147.pdf = ..\data\product-manuals\147.pdf
		..\data\product-manuals\148.pdf = ..\data\product-manuals\148.pdf
		..\data\product-manuals\149.pdf = ..\data\product-manuals\149.pdf
		..\data\product-manuals\15.pdf = ..\data\product-manuals\15.pdf
		..\data\product-manuals\150.pdf = ..\data\product-manuals\150.pdf
		..\data\product-manuals\151.pdf = ..\data\product-manuals\151.pdf
		..\data\product-manuals\152.pdf = ..\data\product-manuals\152.pdf
		..\data\product-manuals\153.pdf = ..\data\product-manuals\153.pdf
		..\data\product-manuals\154.pdf = ..\data\product-manuals\154.pdf
		..\data\product-manuals\155.pdf = ..\data\product-manuals\155.pdf
		..\data\product-manuals\156.pdf = ..\data\product-manuals\156.pdf
		..\data\product-manuals\157.pdf = ..\data\product-manuals\157.pdf
		..\data\product-manuals\158.pdf = ..\data\product-manuals\158.pdf
		..\data\product-manuals\159.pdf = ..\data\product-manuals\159.pdf
		..\data\product-manuals\16.pdf = ..\data\product-manuals\16.pdf
		..\data\product-manuals\160.pdf = ..\data\product-manuals\160.pdf
		..\data\product-manuals\161.pdf = ..\data\product-manuals\161.pdf
		..\data\product-manuals\162.pdf = ..\data\product-manuals\162.pdf
		..\data\product-manuals\163.pdf = ..\data\product-manuals\163.pdf
		..\data\product-manuals\164.pdf = ..\data\product-manuals\164.pdf
		..\data\product-manuals\165.pdf = ..\data\product-manuals\165.pdf
		..\data\product-manuals\166.pdf = ..\data\product-manuals\166.pdf
		..\data\product-manuals\167.pdf = ..\data\product-manuals\167.pdf
		..\data\product-manuals\168.pdf = ..\data\product-manuals\168.pdf
		..\data\product-manuals\169.pdf = ..\data\product-manuals\169.pdf
		..\data\product-manuals\17.pdf = ..\data\product-manuals\17.pdf
		..\data\product-manuals\170.pdf = ..\data\product-manuals\170.pdf
		..\data\product-manuals\171.pdf = ..\data\product-manuals\171.pdf
		..\data\product-manuals\172.pdf = ..\data\product-manuals\172.pdf
		..\data\product-manuals\173.pdf = ..\data\product-manuals\173.pdf
		..\data\product-manuals\174.pdf = ..\data\product-manuals\174.pdf
		..\data\product-manuals\175.pdf = ..\data\product-manuals\175.pdf
		..\data\product-manuals\176.pdf = ..\data\product-manuals\176.pdf
		..\data\product-manuals\177.pdf = ..\data\product-manuals\177.pdf
		..\data\product-manuals\178.pdf = ..\data\product-manuals\178.pdf
		..\data\product-manuals\179.pdf = ..\data\product-manuals\179.pdf
		..\data\product-manuals\18.pdf = ..\data\product-manuals\18.pdf
		..\data\product-manuals\180.pdf = ..\data\product-manuals\180.pdf
		..\data\product-manuals\181.pdf = ..\data\product-manuals\181.pdf
		..\data\product-manuals\182.pdf = ..\data\product-manuals\182.pdf
		..\data\product-manuals\183.pdf = ..\data\product-manuals\183.pdf
		..\data\product-manuals\184.pdf = ..\data\product-manuals\184.pdf
		..\data\product-manuals\185.pdf = ..\data\product-manuals\185.pdf
		..\data\product-manuals\186.pdf = ..\data\product-manuals\186.pdf
		..\data\product-manuals\187.pdf = ..\data\product-manuals\187.pdf
		..\data\product-manuals\188.pdf = ..\data\product-manuals\188.pdf
		..\data\product-manuals\189.pdf = ..\data\product-manuals\189.pdf
		..\data\product-manuals\19.pdf = ..\data\product-manuals\19.pdf
		..\data\product-manuals\190.pdf = ..\data\product-manuals\190.pdf
		..\data\product-manuals\191.pdf = ..\data\product-manuals\191.pdf
		..\data\product-manuals\192.pdf = ..\data\product-manuals\192.pdf
		..\data\product-manuals\193.pdf = ..\data\product-manuals\193.pdf
		..\data\product-manuals\194.pdf = ..\data\product-manuals\194.pdf
		..\data\product-manuals\195.pdf = ..\data\product-manuals\195.pdf
		..\data\product-manuals\196.pdf = ..\data\product-manuals\196.pdf
		..\data\product-manuals\197.pdf = ..\data\product-manuals\197.pdf
		..\data\product-manuals\198.pdf = ..\data\product-manuals\198.pdf
		..\data\product-manuals\199.pdf = ..\data\product-manuals\199.pdf
		..\data\product-manuals\2.pdf = ..\data\product-manuals\2.pdf
		..\data\product-manuals\20.pdf = ..\data\product-manuals\20.pdf
		..\data\product-manuals\200.pdf = ..\data\product-manuals\200.pdf
		..\data\product-manuals\21.pdf = ..\data\product-manuals\21.pdf
		..\data\product-manuals\22.pdf = ..\data\product-manuals\22.pdf
		..\data\product-manuals\23.pdf = ..\data\product-manuals\23.pdf
		..\data\product-manuals\24.pdf = ..\data\product-manuals\24.pdf
		..\data\product-manuals\25.pdf = ..\data\product-manuals\25.pdf
		..\data\product-manuals\26.pdf = ..\data\product-manuals\26.pdf
		..\data\product-manuals\27.pdf = ..\data\product-manuals\27.pdf
		..\data\product-manuals\28.pdf = ..\data\product-manuals\28.pdf
		..\data\product-manuals\29.pdf = ..\data\product-manuals\29.pdf
		..\data\product-manuals\3.pdf = ..\data\product-manuals\3.pdf
		..\data\product-manuals\30.pdf = ..\data\product-manuals\30.pdf
		..\data\product-manuals\31.pdf = ..\data\product-manuals\31.pdf
		..\data\product-manuals\32.pdf = ..\data\product-manuals\32.pdf
		..\data\product-manuals\33.pdf = ..\data\product-manuals\33.pdf
		..\data\product-manuals\34.pdf = ..\data\product-manuals\34.pdf
		..\data\product-manuals\35.pdf = ..\data\product-manuals\35.pdf
		..\data\product-manuals\36.pdf = ..\data\product-manuals\36.pdf
		..\data\product-manuals\37.pdf = ..\data\product-manuals\37.pdf
		..\data\product-manuals\38.pdf = ..\data\product-manuals\38.pdf
		..\data\product-manuals\39.pdf = ..\data\product-manuals\39.pdf
		..\data\product-manuals\4.pdf = ..\data\product-manuals\4.pdf
		..\data\product-manuals\40.pdf = ..\data\product-manuals\40.pdf
		..\data\product-manuals\41.pdf = ..\data\product-manuals\41.pdf
		..\data\product-manuals\42.pdf = ..\data\product-manuals\42.pdf
		..\data\product-manuals\43.pdf = ..\data\product-manuals\43.pdf
		..\data\product-manuals\44.pdf = ..\data\product-manuals\44.pdf
		..\data\product-manuals\45.pdf = ..\data\product-manuals\45.pdf
		..\data\product-manuals\46.pdf = ..\data\product-manuals\46.pdf
		..\data\product-manuals\47.pdf = ..\data\product-manuals\47.pdf
		..\data\product-manuals\48.pdf = ..\data\product-manuals\48.pdf
		..\data\product-manuals\49.pdf = ..\data\product-manuals\49.pdf
		..\data\product-manuals\5.pdf = ..\data\product-manuals\5.pdf
		..\data\product-manuals\50.pdf = ..\data\product-manuals\50.pdf
		..\data\product-manuals\51.pdf = ..\data\product-manuals\51.pdf
		..\data\product-manuals\52.pdf = ..\data\product-manuals\52.pdf
		..\data\product-manuals\53.pdf = ..\data\product-manuals\53.pdf
		..\data\product-manuals\54.pdf = ..\data\product-manuals\54.pdf
		..\data\product-manuals\55.pdf = ..\data\product-manuals\55.pdf
		..\data\product-manuals\56.pdf = ..\data\product-manuals\56.pdf
		..\data\product-manuals\57.pdf = ..\data\product-manuals\57.pdf
		..\data\product-manuals\58.pdf = ..\data\product-manuals\58.pdf
		..\data\product-manuals\59.pdf = ..\data\product-manuals\59.pdf
		..\data\product-manuals\6.pdf = ..\data\product-manuals\6.pdf
		..\data\product-manuals\60.pdf = ..\data\product-manuals\60.pdf
		..\data\product-manuals\61.pdf = ..\data\product-manuals\61.pdf
		..\data\product-manuals\62.pdf = ..\data\product-manuals\62.pdf
		..\data\product-manuals\63.pdf = ..\data\product-manuals\63.pdf
		..\data\product-manuals\64.pdf = ..\data\product-manuals\64.pdf
		..\data\product-manuals\65.pdf = ..\data\product-manuals\65.pdf
		..\data\product-manuals\66.pdf = ..\data\product-manuals\66.pdf
		..\data\product-manuals\67.pdf = ..\data\product-manuals\67.pdf
		..\data\product-manuals\68.pdf = ..\data\product-manuals\68.pdf
		..\data\product-manuals\69.pdf = ..\data\product-manuals\69.pdf
		..\data\product-manuals\7.pdf = ..\data\product-manuals\7.pdf
		..\data\product-manuals\70.pdf = ..\data\product-manuals\70.pdf
		..\data\product-manuals\71.pdf = ..\data\product-manuals\71.pdf
		..\data\product-manuals\72.pdf = ..\data\product-manuals\72.pdf
		..\data\product-manuals\73.pdf = ..\data\product-manuals\73.pdf
		..\data\product-manuals\74.pdf = ..\data\product-manuals\74.pdf
		..\data\product-manuals\75.pdf = ..\data\product-manuals\75.pdf
		..\data\product-manuals\76.pdf = ..\data\product-manuals\76.pdf
		..\data\product-manuals\77.pdf = ..\data\product-manuals\77.pdf
		..\data\product-manuals\78.pdf = ..\data\product-manuals\78.pdf
		..\data\product-manuals\79.pdf = ..\data\product-manuals\79.pdf
		..\data\product-manuals\8.pdf = ..\data\product-manuals\8.pdf
		..\data\product-manuals\80.pdf = ..\data\product-manuals\80.pdf
		..\data\product-manuals\81.pdf = ..\data\product-manuals\81.pdf
		..\data\product-manuals\82.pdf = ..\data\product-manuals\82.pdf
		..\data\product-manuals\83.pdf = ..\data\product-manuals\83.pdf
		..\data\product-manuals\84.pdf = ..\data\product-manuals\84.pdf
		..\data\product-manuals\85.pdf = ..\data\product-manuals\85.pdf
		..\data\product-manuals\86.pdf = ..\data\product-manuals\86.pdf
		..\data\product-manuals\87.pdf = ..\data\product-manuals\87.pdf
		..\data\product-manuals\88.pdf = ..\data\product-manuals\88.pdf
		..\data\product-manuals\89.pdf = ..\data\product-manuals\89.pdf
		..\data\product-manuals\9.pdf = ..\data\product-manuals\9.pdf
		..\data\product-manuals\90.pdf = ..\data\product-manuals\90.pdf
		..\data\product-manuals\91.pdf = ..\data\product-manuals\91.pdf
		..\data\product-manuals\92.pdf = ..\data\product-manuals\92.pdf
		..\data\product-manuals\93.pdf = ..\data\product-manuals\93.pdf
		..\data\product-manuals\94.pdf = ..\data\product-manuals\94.pdf
		..\data\product-manuals\95.pdf = ..\data\product-manuals\95.pdf
		..\data\product-manuals\96.pdf = ..\data\product-manuals\96.pdf
		..\data\product-manuals\97.pdf = ..\data\product-manuals\97.pdf
		..\data\product-manuals\98.pdf = ..\data\product-manuals\98.pdf
		..\data\product-manuals\99.pdf = ..\data\product-manuals\99.pdf
	EndProjectSection
EndProject
Global
	GlobalSection(SolutionConfigurationPlatforms) = preSolution
		Debug|Any CPU = Debug|Any CPU
		Release|Any CPU = Release|Any CPU
	EndGlobalSection
	GlobalSection(ProjectConfigurationPlatforms) = postSolution
		{DAC29DD8-2AA3-4FF1-AAAA-96BCB74E97D7}.Debug|Any CPU.ActiveCfg = Debug|Any CPU
		{DAC29DD8-2AA3-4FF1-AAAA-96BCB74E97D7}.Debug|Any CPU.Build.0 = Debug|Any CPU
		{DAC29DD8-2AA3-4FF1-AAAA-96BCB74E97D7}.Release|Any CPU.ActiveCfg = Release|Any CPU
		{DAC29DD8-2AA3-4FF1-AAAA-96BCB74E97D7}.Release|Any CPU.Build.0 = Release|Any CPU
		{0DF294BB-5686-4702-A221-6FDB3735E21B}.Debug|Any CPU.ActiveCfg = Debug|Any CPU
		{0DF294BB-5686-4702-A221-6FDB3735E21B}.Debug|Any CPU.Build.0 = Debug|Any CPU
		{0DF294BB-5686-4702-A221-6FDB3735E21B}.Release|Any CPU.ActiveCfg = Release|Any CPU
		{0DF294BB-5686-4702-A221-6FDB3735E21B}.Release|Any CPU.Build.0 = Release|Any CPU
		{1E624018-9C09-4402-AF50-57E6D8EE4508}.Debug|Any CPU.ActiveCfg = Debug|Any CPU
		{1E624018-9C09-4402-AF50-57E6D8EE4508}.Debug|Any CPU.Build.0 = Debug|Any CPU
		{1E624018-9C09-4402-AF50-57E6D8EE4508}.Release|Any CPU.ActiveCfg = Release|Any CPU
		{1E624018-9C09-4402-AF50-57E6D8EE4508}.Release|Any CPU.Build.0 = Release|Any CPU
	EndGlobalSection
	GlobalSection(SolutionProperties) = preSolution
		HideSolutionNode = FALSE
	EndGlobalSection
	GlobalSection(NestedProjects) = preSolution
		{DEEB317E-8B9C-4025-9518-D25B08DB31C2} = {475E5D42-EC24-4B35-AC2D-36CF3E397A7B}
	EndGlobalSection
EndGlobal
