
Microsoft Visual Studio Solution File, Format Version 12.00
# Visual Studio Version 17
VisualStudioVersion = 17.12.35527.113
MinimumVisualStudioVersion = 10.0.40219.1
Project("{2150E333-8FDC-42A3-9474-1A3956D46DE8}") = "tests", "tests", "{C806DBF7-9CDA-4FE9-8B0B-F55FF37C5CF3}"
EndProject
Project("{FAE04EC0-301F-11D3-BF4B-00C04F79EFBC}") = "CorrectiveRetrievalAugmentedGenerationApp", "CorrectiveRetrievalAugmentedGenerationApp\CorrectiveRetrievalAugmentedGenerationApp.csproj", "{D9052D8C-C1A4-4295-8CFD-0A725D48CEAE}"
EndProject
Project("{FAE04EC0-301F-11D3-BF4B-00C04F79EFBC}") = "Planner.Tests", "..\End\Planner.Tests\Planner.Tests.csproj", "{45ACEEF3-F808-EA72-015B-4AAC58FE1A13}"
EndProject
Project("{FAE04EC0-301F-11D3-BF4B-00C04F79EFBC}") = "Planner", "..\End\Planner\Planner.csproj", "{513F0B48-B370-FFF7-A388-438E09558CDC}"
EndProject
Global
	GlobalSection(SolutionConfigurationPlatforms) = preSolution
		Debug|Any CPU = Debug|Any CPU
		Release|Any CPU = Release|Any CPU
	EndGlobalSection
	GlobalSection(ProjectConfigurationPlatforms) = postSolution
		{D9052D8C-C1A4-4295-8CFD-0A725D48CEAE}.Debug|Any CPU.ActiveCfg = Debug|Any CPU
		{D9052D8C-C1A4-4295-8CFD-0A725D48CEAE}.Debug|Any CPU.Build.0 = Debug|Any CPU
		{D9052D8C-C1A4-4295-8CFD-0A725D48CEAE}.Release|Any CPU.ActiveCfg = Release|Any CPU
		{D9052D8C-C1A4-4295-8CFD-0A725D48CEAE}.Release|Any CPU.Build.0 = Release|Any CPU
		{45ACEEF3-F808-EA72-015B-4AAC58FE1A13}.Debug|Any CPU.ActiveCfg = Debug|Any CPU
		{45ACEEF3-F808-EA72-015B-4AAC58FE1A13}.Debug|Any CPU.Build.0 = Debug|Any CPU
		{45ACEEF3-F808-EA72-015B-4AAC58FE1A13}.Release|Any CPU.ActiveCfg = Release|Any CPU
		{45ACEEF3-F808-EA72-015B-4AAC58FE1A13}.Release|Any CPU.Build.0 = Release|Any CPU
		{513F0B48-B370-FFF7-A388-438E09558CDC}.Debug|Any CPU.ActiveCfg = Debug|Any CPU
		{513F0B48-B370-FFF7-A388-438E09558CDC}.Debug|Any CPU.Build.0 = Debug|Any CPU
		{513F0B48-B370-FFF7-A388-438E09558CDC}.Release|Any CPU.ActiveCfg = Release|Any CPU
		{513F0B48-B370-FFF7-A388-438E09558CDC}.Release|Any CPU.Build.0 = Release|Any CPU
	EndGlobalSection
	GlobalSection(SolutionProperties) = preSolution
		HideSolutionNode = FALSE
	EndGlobalSection
	GlobalSection(NestedProjects) = preSolution
		{45ACEEF3-F808-EA72-015B-4AAC58FE1A13} = {C806DBF7-9CDA-4FE9-8B0B-F55FF37C5CF3}
	EndGlobalSection
	GlobalSection(ExtensibilityGlobals) = postSolution
		SolutionGuid = {C3F0ED4F-55F1-44CE-99A4-3B2AD08D5DFA}
	EndGlobalSection
EndGlobal
