
Microsoft Visual Studio Solution File, Format Version 12.00
# Visual Studio Version 17
VisualStudioVersion = 17.12.35527.113
MinimumVisualStudioVersion = 10.0.40219.1
Project("{FAE04EC0-301F-11D3-BF4B-00C04F79EFBC}") = "StructuredPrediction", "StructuredPrediction\StructuredPrediction.csproj", "{945B5B96-B8DD-4B84-A802-B0018ACED754}"
EndProject
Project("{FAE04EC0-301F-11D3-BF4B-00C04F79EFBC}") = "Planner", "Planner\Planner.csproj", "{C72B3335-1EBF-4B65-977D-8A5A3B5DD4A6}"
EndProject
Project("{2150E333-8FDC-42A3-9474-1A3956D46DE8}") = "tests", "tests", "{C806DBF7-9CDA-4FE9-8B0B-F55FF37C5CF3}"
EndProject
Project("{FAE04EC0-301F-11D3-BF4B-00C04F79EFBC}") = "Planner.Tests", "Planner.Tests\Planner.Tests.csproj", "{C2AF0ADF-58FA-409A-9D87-7F7C29360E05}"
EndProject
Project("{FAE04EC0-301F-11D3-BF4B-00C04F79EFBC}") = "CorrectiveRetrievalAugmentedGenerationApp", "CorrectiveRetrievalAugmentedGenerationApp\CorrectiveRetrievalAugmentedGenerationApp.csproj", "{D9052D8C-C1A4-4295-8CFD-0A725D48CEAE}"
EndProject
Global
	GlobalSection(SolutionConfigurationPlatforms) = preSolution
		Debug|Any CPU = Debug|Any CPU
		Release|Any CPU = Release|Any CPU
	EndGlobalSection
	GlobalSection(ProjectConfigurationPlatforms) = postSolution
		{945B5B96-B8DD-4B84-A802-B0018ACED754}.Debug|Any CPU.ActiveCfg = Debug|Any CPU
		{945B5B96-B8DD-4B84-A802-B0018ACED754}.Debug|Any CPU.Build.0 = Debug|Any CPU
		{945B5B96-B8DD-4B84-A802-B0018ACED754}.Release|Any CPU.ActiveCfg = Release|Any CPU
		{945B5B96-B8DD-4B84-A802-B0018ACED754}.Release|Any CPU.Build.0 = Release|Any CPU
		{C72B3335-1EBF-4B65-977D-8A5A3B5DD4A6}.Debug|Any CPU.ActiveCfg = Debug|Any CPU
		{C72B3335-1EBF-4B65-977D-8A5A3B5DD4A6}.Debug|Any CPU.Build.0 = Debug|Any CPU
		{C72B3335-1EBF-4B65-977D-8A5A3B5DD4A6}.Release|Any CPU.ActiveCfg = Release|Any CPU
		{C72B3335-1EBF-4B65-977D-8A5A3B5DD4A6}.Release|Any CPU.Build.0 = Release|Any CPU
		{C2AF0ADF-58FA-409A-9D87-7F7C29360E05}.Debug|Any CPU.ActiveCfg = Debug|Any CPU
		{C2AF0ADF-58FA-409A-9D87-7F7C29360E05}.Debug|Any CPU.Build.0 = Debug|Any CPU
		{C2AF0ADF-58FA-409A-9D87-7F7C29360E05}.Release|Any CPU.ActiveCfg = Release|Any CPU
		{C2AF0ADF-58FA-409A-9D87-7F7C29360E05}.Release|Any CPU.Build.0 = Release|Any CPU
		{D9052D8C-C1A4-4295-8CFD-0A725D48CEAE}.Debug|Any CPU.ActiveCfg = Debug|Any CPU
		{D9052D8C-C1A4-4295-8CFD-0A725D48CEAE}.Debug|Any CPU.Build.0 = Debug|Any CPU
		{D9052D8C-C1A4-4295-8CFD-0A725D48CEAE}.Release|Any CPU.ActiveCfg = Release|Any CPU
		{D9052D8C-C1A4-4295-8CFD-0A725D48CEAE}.Release|Any CPU.Build.0 = Release|Any CPU
	EndGlobalSection
	GlobalSection(SolutionProperties) = preSolution
		HideSolutionNode = FALSE
	EndGlobalSection
	GlobalSection(NestedProjects) = preSolution
		{C2AF0ADF-58FA-409A-9D87-7F7C29360E05} = {C806DBF7-9CDA-4FE9-8B0B-F55FF37C5CF3}
	EndGlobalSection
EndGlobal
